// !$*UTF8*$!
{
	archiveVersion = 1;
	classes = {
	};
	objectVersion = 46;
	objects = {

/* Begin PBXBuildFile section */
		331A40BF1E8CFF0C00E5009E /* WBUser.m in Sources */ = {isa = PBXBuildFile; fileRef = 331A40BE1E8CFF0C00E5009E /* WBUser.m */; };
		331D7C281E85081F00F3BE1C /* WBAddViewController.m in Sources */ = {isa = PBXBuildFile; fileRef = 331D7C271E85081F00F3BE1C /* WBAddViewController.m */; };
		331D7C3F1E850BC600F3BE1C /* WBHomeTableViewController.m in Sources */ = {isa = PBXBuildFile; fileRef = 331D7C3E1E850BC600F3BE1C /* WBHomeTableViewController.m */; };
		331D7C421E850FCA00F3BE1C /* WBMessageTableViewController.m in Sources */ = {isa = PBXBuildFile; fileRef = 331D7C411E850FCA00F3BE1C /* WBMessageTableViewController.m */; };
		331D7C451E8511A100F3BE1C /* WBDiscoverTableViewController.m in Sources */ = {isa = PBXBuildFile; fileRef = 331D7C441E8511A100F3BE1C /* WBDiscoverTableViewController.m */; };
		331D7C481E85126100F3BE1C /* WBMineTableViewController.m in Sources */ = {isa = PBXBuildFile; fileRef = 331D7C471E85126100F3BE1C /* WBMineTableViewController.m */; };
		331D7C4B1E8515D100F3BE1C /* UIBarButtonItem+Extent.m in Sources */ = {isa = PBXBuildFile; fileRef = 331D7C4A1E8515D100F3BE1C /* UIBarButtonItem+Extent.m */; };
		331D7C4E1E85219600F3BE1C /* WBButton.m in Sources */ = {isa = PBXBuildFile; fileRef = 331D7C4D1E85219600F3BE1C /* WBButton.m */; };
		339774051E8A3B8F00581D45 /* WBOAuthViewController.m in Sources */ = {isa = PBXBuildFile; fileRef = 339774041E8A3B8F00581D45 /* WBOAuthViewController.m */; };
		339774141E8A4BE000581D45 /* AFHTTPSessionManager.m in Sources */ = {isa = PBXBuildFile; fileRef = 339774081E8A4BE000581D45 /* AFHTTPSessionManager.m */; };
		339774151E8A4BE000581D45 /* AFNetworkReachabilityManager.m in Sources */ = {isa = PBXBuildFile; fileRef = 3397740B1E8A4BE000581D45 /* AFNetworkReachabilityManager.m */; };
		339774161E8A4BE000581D45 /* AFSecurityPolicy.m in Sources */ = {isa = PBXBuildFile; fileRef = 3397740D1E8A4BE000581D45 /* AFSecurityPolicy.m */; };
		339774171E8A4BE000581D45 /* AFURLRequestSerialization.m in Sources */ = {isa = PBXBuildFile; fileRef = 3397740F1E8A4BE000581D45 /* AFURLRequestSerialization.m */; };
		339774181E8A4BE000581D45 /* AFURLResponseSerialization.m in Sources */ = {isa = PBXBuildFile; fileRef = 339774111E8A4BE000581D45 /* AFURLResponseSerialization.m */; };
		339774191E8A4BE000581D45 /* AFURLSessionManager.m in Sources */ = {isa = PBXBuildFile; fileRef = 339774131E8A4BE000581D45 /* AFURLSessionManager.m */; };
		339774201E8A4BF000581D45 /* MBProgressHUD+MJ.m in Sources */ = {isa = PBXBuildFile; fileRef = 3397741C1E8A4BEF00581D45 /* MBProgressHUD+MJ.m */; };
		339774211E8A4BF000581D45 /* MBProgressHUD.bundle in Resources */ = {isa = PBXBuildFile; fileRef = 3397741D1E8A4BEF00581D45 /* MBProgressHUD.bundle */; };
		339774221E8A4BF000581D45 /* MBProgressHUD.m in Sources */ = {isa = PBXBuildFile; fileRef = 3397741F1E8A4BF000581D45 /* MBProgressHUD.m */; };
		339774251E8A50AB00581D45 /* UIWindow+extent.m in Sources */ = {isa = PBXBuildFile; fileRef = 339774241E8A50AB00581D45 /* UIWindow+extent.m */; };
		3397742A1E8A599F00581D45 /* WBNewFeatureController.m in Sources */ = {isa = PBXBuildFile; fileRef = 339774291E8A599F00581D45 /* WBNewFeatureController.m */; };
		339AAEBB1E8B6316003FE6DD /* WBAccountTool.m in Sources */ = {isa = PBXBuildFile; fileRef = 339AAEBA1E8B6316003FE6DD /* WBAccountTool.m */; };
		339AAEBF1E8B6373003FE6DD /* WBAccount.m in Sources */ = {isa = PBXBuildFile; fileRef = 339AAEBE1E8B6373003FE6DD /* WBAccount.m */; };
		339C06771E7F7D5A00DCDF39 /* Assets.xcassets in Resources */ = {isa = PBXBuildFile; fileRef = 339C06761E7F7D5A00DCDF39 /* Assets.xcassets */; };
		339C067A1E7F7D5A00DCDF39 /* LaunchScreen.storyboard in Resources */ = {isa = PBXBuildFile; fileRef = 339C06781E7F7D5A00DCDF39 /* LaunchScreen.storyboard */; };
		339C06851E7F7D5A00DCDF39 /* ____Tests.m in Sources */ = {isa = PBXBuildFile; fileRef = 339C06841E7F7D5A00DCDF39 /* ____Tests.m */; };
		339C06901E7F7D5A00DCDF39 /* ____UITests.m in Sources */ = {isa = PBXBuildFile; fileRef = 339C068F1E7F7D5A00DCDF39 /* ____UITests.m */; };
		339C06A51E7F7F9C00DCDF39 /* AppDelegate.m in Sources */ = {isa = PBXBuildFile; fileRef = 339C06A41E7F7F9C00DCDF39 /* AppDelegate.m */; };
		339C06A71E7F800000DCDF39 /* main.m in Sources */ = {isa = PBXBuildFile; fileRef = 339C06A61E7F800000DCDF39 /* main.m */; };
		33A5870A1E9CB7520003BE74 /* WBStatuse.m in Sources */ = {isa = PBXBuildFile; fileRef = 33A587091E9CB7520003BE74 /* WBStatuse.m */; };
		33B5A4741E8CAA9C00423EDE /* Foundation+Log.m in Sources */ = {isa = PBXBuildFile; fileRef = 33B5A4731E8CAA9C00423EDE /* Foundation+Log.m */; };
		33CF0A2F1E8126120047EF3A /* WBMainNavigationController.m in Sources */ = {isa = PBXBuildFile; fileRef = 33CF0A2B1E8126120047EF3A /* WBMainNavigationController.m */; };
		33CF0A301E8126120047EF3A /* WBMainTabBarController.m in Sources */ = {isa = PBXBuildFile; fileRef = 33CF0A2D1E8126120047EF3A /* WBMainTabBarController.m */; };
		33CF0A331E8126F30047EF3A /* WBTabBar.m in Sources */ = {isa = PBXBuildFile; fileRef = 33CF0A321E8126F30047EF3A /* WBTabBar.m */; };
		33CF0A371E8129240047EF3A /* UIView+UIView_Extent.m in Sources */ = {isa = PBXBuildFile; fileRef = 33CF0A361E8129240047EF3A /* UIView+UIView_Extent.m */; };
		33F555B11E89F966009A4358 /* WBDropViewController.m in Sources */ = {isa = PBXBuildFile; fileRef = 33F555B01E89F966009A4358 /* WBDropViewController.m */; };
		33F555B41E89FBBC009A4358 /* WBDropView.m in Sources */ = {isa = PBXBuildFile; fileRef = 33F555B31E89FBBC009A4358 /* WBDropView.m */; };
/* End PBXBuildFile section */

/* Begin PBXContainerItemProxy section */
		339C06811E7F7D5A00DCDF39 /* PBXContainerItemProxy */ = {
			isa = PBXContainerItemProxy;
			containerPortal = 339C065F1E7F7D5900DCDF39 /* Project object */;
			proxyType = 1;
			remoteGlobalIDString = 339C06661E7F7D5900DCDF39;
			remoteInfo = "小蔡微博";
		};
		339C068C1E7F7D5A00DCDF39 /* PBXContainerItemProxy */ = {
			isa = PBXContainerItemProxy;
			containerPortal = 339C065F1E7F7D5900DCDF39 /* Project object */;
			proxyType = 1;
			remoteGlobalIDString = 339C06661E7F7D5900DCDF39;
			remoteInfo = "小蔡微博";
		};
/* End PBXContainerItemProxy section */

/* Begin PBXFileReference section */
		331A40BD1E8CFF0C00E5009E /* WBUser.h */ = {isa = PBXFileReference; fileEncoding = 4; lastKnownFileType = sourcecode.c.h; path = WBUser.h; sourceTree = "<group>"; };
		331A40BE1E8CFF0C00E5009E /* WBUser.m */ = {isa = PBXFileReference; fileEncoding = 4; lastKnownFileType = sourcecode.c.objc; path = WBUser.m; sourceTree = "<group>"; };
		331D7C261E85081F00F3BE1C /* WBAddViewController.h */ = {isa = PBXFileReference; fileEncoding = 4; lastKnownFileType = sourcecode.c.h; path = WBAddViewController.h; sourceTree = "<group>"; };
		331D7C271E85081F00F3BE1C /* WBAddViewController.m */ = {isa = PBXFileReference; fileEncoding = 4; lastKnownFileType = sourcecode.c.objc; path = WBAddViewController.m; sourceTree = "<group>"; };
		331D7C3D1E850BC600F3BE1C /* WBHomeTableViewController.h */ = {isa = PBXFileReference; fileEncoding = 4; lastKnownFileType = sourcecode.c.h; path = WBHomeTableViewController.h; sourceTree = "<group>"; };
		331D7C3E1E850BC600F3BE1C /* WBHomeTableViewController.m */ = {isa = PBXFileReference; fileEncoding = 4; lastKnownFileType = sourcecode.c.objc; path = WBHomeTableViewController.m; sourceTree = "<group>"; };
		331D7C401E850FCA00F3BE1C /* WBMessageTableViewController.h */ = {isa = PBXFileReference; fileEncoding = 4; lastKnownFileType = sourcecode.c.h; path = WBMessageTableViewController.h; sourceTree = "<group>"; };
		331D7C411E850FCA00F3BE1C /* WBMessageTableViewController.m */ = {isa = PBXFileReference; fileEncoding = 4; lastKnownFileType = sourcecode.c.objc; path = WBMessageTableViewController.m; sourceTree = "<group>"; };
		331D7C431E8511A100F3BE1C /* WBDiscoverTableViewController.h */ = {isa = PBXFileReference; fileEncoding = 4; lastKnownFileType = sourcecode.c.h; path = WBDiscoverTableViewController.h; sourceTree = "<group>"; };
		331D7C441E8511A100F3BE1C /* WBDiscoverTableViewController.m */ = {isa = PBXFileReference; fileEncoding = 4; lastKnownFileType = sourcecode.c.objc; path = WBDiscoverTableViewController.m; sourceTree = "<group>"; };
		331D7C461E85126100F3BE1C /* WBMineTableViewController.h */ = {isa = PBXFileReference; fileEncoding = 4; lastKnownFileType = sourcecode.c.h; path = WBMineTableViewController.h; sourceTree = "<group>"; };
		331D7C471E85126100F3BE1C /* WBMineTableViewController.m */ = {isa = PBXFileReference; fileEncoding = 4; lastKnownFileType = sourcecode.c.objc; path = WBMineTableViewController.m; sourceTree = "<group>"; };
		331D7C491E8515D100F3BE1C /* UIBarButtonItem+Extent.h */ = {isa = PBXFileReference; fileEncoding = 4; lastKnownFileType = sourcecode.c.h; path = "UIBarButtonItem+Extent.h"; sourceTree = "<group>"; };
		331D7C4A1E8515D100F3BE1C /* UIBarButtonItem+Extent.m */ = {isa = PBXFileReference; fileEncoding = 4; lastKnownFileType = sourcecode.c.objc; path = "UIBarButtonItem+Extent.m"; sourceTree = "<group>"; };
		331D7C4C1E85219600F3BE1C /* WBButton.h */ = {isa = PBXFileReference; fileEncoding = 4; lastKnownFileType = sourcecode.c.h; path = WBButton.h; sourceTree = "<group>"; };
		331D7C4D1E85219600F3BE1C /* WBButton.m */ = {isa = PBXFileReference; fileEncoding = 4; lastKnownFileType = sourcecode.c.objc; path = WBButton.m; sourceTree = "<group>"; };
		339774031E8A3B8F00581D45 /* WBOAuthViewController.h */ = {isa = PBXFileReference; fileEncoding = 4; lastKnownFileType = sourcecode.c.h; path = WBOAuthViewController.h; sourceTree = "<group>"; };
		339774041E8A3B8F00581D45 /* WBOAuthViewController.m */ = {isa = PBXFileReference; fileEncoding = 4; lastKnownFileType = sourcecode.c.objc; path = WBOAuthViewController.m; sourceTree = "<group>"; };
		339774071E8A4BE000581D45 /* AFHTTPSessionManager.h */ = {isa = PBXFileReference; fileEncoding = 4; lastKnownFileType = sourcecode.c.h; path = AFHTTPSessionManager.h; sourceTree = "<group>"; };
		339774081E8A4BE000581D45 /* AFHTTPSessionManager.m */ = {isa = PBXFileReference; fileEncoding = 4; lastKnownFileType = sourcecode.c.objc; path = AFHTTPSessionManager.m; sourceTree = "<group>"; };
		339774091E8A4BE000581D45 /* AFNetworking.h */ = {isa = PBXFileReference; fileEncoding = 4; lastKnownFileType = sourcecode.c.h; path = AFNetworking.h; sourceTree = "<group>"; };
		3397740A1E8A4BE000581D45 /* AFNetworkReachabilityManager.h */ = {isa = PBXFileReference; fileEncoding = 4; lastKnownFileType = sourcecode.c.h; path = AFNetworkReachabilityManager.h; sourceTree = "<group>"; };
		3397740B1E8A4BE000581D45 /* AFNetworkReachabilityManager.m */ = {isa = PBXFileReference; fileEncoding = 4; lastKnownFileType = sourcecode.c.objc; path = AFNetworkReachabilityManager.m; sourceTree = "<group>"; };
		3397740C1E8A4BE000581D45 /* AFSecurityPolicy.h */ = {isa = PBXFileReference; fileEncoding = 4; lastKnownFileType = sourcecode.c.h; path = AFSecurityPolicy.h; sourceTree = "<group>"; };
		3397740D1E8A4BE000581D45 /* AFSecurityPolicy.m */ = {isa = PBXFileReference; fileEncoding = 4; lastKnownFileType = sourcecode.c.objc; path = AFSecurityPolicy.m; sourceTree = "<group>"; };
		3397740E1E8A4BE000581D45 /* AFURLRequestSerialization.h */ = {isa = PBXFileReference; fileEncoding = 4; lastKnownFileType = sourcecode.c.h; path = AFURLRequestSerialization.h; sourceTree = "<group>"; };
		3397740F1E8A4BE000581D45 /* AFURLRequestSerialization.m */ = {isa = PBXFileReference; fileEncoding = 4; lastKnownFileType = sourcecode.c.objc; path = AFURLRequestSerialization.m; sourceTree = "<group>"; };
		339774101E8A4BE000581D45 /* AFURLResponseSerialization.h */ = {isa = PBXFileReference; fileEncoding = 4; lastKnownFileType = sourcecode.c.h; path = AFURLResponseSerialization.h; sourceTree = "<group>"; };
		339774111E8A4BE000581D45 /* AFURLResponseSerialization.m */ = {isa = PBXFileReference; fileEncoding = 4; lastKnownFileType = sourcecode.c.objc; path = AFURLResponseSerialization.m; sourceTree = "<group>"; };
		339774121E8A4BE000581D45 /* AFURLSessionManager.h */ = {isa = PBXFileReference; fileEncoding = 4; lastKnownFileType = sourcecode.c.h; path = AFURLSessionManager.h; sourceTree = "<group>"; };
		339774131E8A4BE000581D45 /* AFURLSessionManager.m */ = {isa = PBXFileReference; fileEncoding = 4; lastKnownFileType = sourcecode.c.objc; path = AFURLSessionManager.m; sourceTree = "<group>"; };
		3397741B1E8A4BEF00581D45 /* MBProgressHUD+MJ.h */ = {isa = PBXFileReference; fileEncoding = 4; lastKnownFileType = sourcecode.c.h; path = "MBProgressHUD+MJ.h"; sourceTree = "<group>"; };
		3397741C1E8A4BEF00581D45 /* MBProgressHUD+MJ.m */ = {isa = PBXFileReference; fileEncoding = 4; lastKnownFileType = sourcecode.c.objc; path = "MBProgressHUD+MJ.m"; sourceTree = "<group>"; };
		3397741D1E8A4BEF00581D45 /* MBProgressHUD.bundle */ = {isa = PBXFileReference; lastKnownFileType = "wrapper.plug-in"; path = MBProgressHUD.bundle; sourceTree = "<group>"; };
		3397741E1E8A4BF000581D45 /* MBProgressHUD.h */ = {isa = PBXFileReference; fileEncoding = 4; lastKnownFileType = sourcecode.c.h; path = MBProgressHUD.h; sourceTree = "<group>"; };
		3397741F1E8A4BF000581D45 /* MBProgressHUD.m */ = {isa = PBXFileReference; fileEncoding = 4; lastKnownFileType = sourcecode.c.objc; path = MBProgressHUD.m; sourceTree = "<group>"; };
		339774231E8A50AB00581D45 /* UIWindow+extent.h */ = {isa = PBXFileReference; fileEncoding = 4; lastKnownFileType = sourcecode.c.h; path = "UIWindow+extent.h"; sourceTree = "<group>"; };
		339774241E8A50AB00581D45 /* UIWindow+extent.m */ = {isa = PBXFileReference; fileEncoding = 4; lastKnownFileType = sourcecode.c.objc; path = "UIWindow+extent.m"; sourceTree = "<group>"; };
		339774281E8A599F00581D45 /* WBNewFeatureController.h */ = {isa = PBXFileReference; fileEncoding = 4; lastKnownFileType = sourcecode.c.h; path = WBNewFeatureController.h; sourceTree = "<group>"; };
		339774291E8A599F00581D45 /* WBNewFeatureController.m */ = {isa = PBXFileReference; fileEncoding = 4; lastKnownFileType = sourcecode.c.objc; path = WBNewFeatureController.m; sourceTree = "<group>"; };
		339AAEB91E8B6316003FE6DD /* WBAccountTool.h */ = {isa = PBXFileReference; fileEncoding = 4; lastKnownFileType = sourcecode.c.h; path = WBAccountTool.h; sourceTree = "<group>"; };
		339AAEBA1E8B6316003FE6DD /* WBAccountTool.m */ = {isa = PBXFileReference; fileEncoding = 4; lastKnownFileType = sourcecode.c.objc; path = WBAccountTool.m; sourceTree = "<group>"; };
		339AAEBD1E8B6373003FE6DD /* WBAccount.h */ = {isa = PBXFileReference; fileEncoding = 4; lastKnownFileType = sourcecode.c.h; path = WBAccount.h; sourceTree = "<group>"; };
		339AAEBE1E8B6373003FE6DD /* WBAccount.m */ = {isa = PBXFileReference; fileEncoding = 4; lastKnownFileType = sourcecode.c.objc; path = WBAccount.m; sourceTree = "<group>"; };
		339C06671E7F7D5A00DCDF39 /* 小蔡微博.app */ = {isa = PBXFileReference; explicitFileType = wrapper.application; includeInIndex = 0; path = "小蔡微博.app"; sourceTree = BUILT_PRODUCTS_DIR; };
		339C06761E7F7D5A00DCDF39 /* Assets.xcassets */ = {isa = PBXFileReference; lastKnownFileType = folder.assetcatalog; path = Assets.xcassets; sourceTree = "<group>"; };
		339C06791E7F7D5A00DCDF39 /* Base */ = {isa = PBXFileReference; lastKnownFileType = file.storyboard; name = Base; path = Base.lproj/LaunchScreen.storyboard; sourceTree = "<group>"; };
		339C067B1E7F7D5A00DCDF39 /* Info.plist */ = {isa = PBXFileReference; lastKnownFileType = text.plist.xml; path = Info.plist; sourceTree = "<group>"; };
		339C06801E7F7D5A00DCDF39 /* 小蔡微博Tests.xctest */ = {isa = PBXFileReference; explicitFileType = wrapper.cfbundle; includeInIndex = 0; path = "小蔡微博Tests.xctest"; sourceTree = BUILT_PRODUCTS_DIR; };
		339C06841E7F7D5A00DCDF39 /* ____Tests.m */ = {isa = PBXFileReference; lastKnownFileType = sourcecode.c.objc; path = "____Tests.m"; sourceTree = "<group>"; };
		339C06861E7F7D5A00DCDF39 /* Info.plist */ = {isa = PBXFileReference; lastKnownFileType = text.plist.xml; path = Info.plist; sourceTree = "<group>"; };
		339C068B1E7F7D5A00DCDF39 /* 小蔡微博UITests.xctest */ = {isa = PBXFileReference; explicitFileType = wrapper.cfbundle; includeInIndex = 0; path = "小蔡微博UITests.xctest"; sourceTree = BUILT_PRODUCTS_DIR; };
		339C068F1E7F7D5A00DCDF39 /* ____UITests.m */ = {isa = PBXFileReference; lastKnownFileType = sourcecode.c.objc; path = "____UITests.m"; sourceTree = "<group>"; };
		339C06911E7F7D5A00DCDF39 /* Info.plist */ = {isa = PBXFileReference; lastKnownFileType = text.plist.xml; path = Info.plist; sourceTree = "<group>"; };
		339C06A31E7F7F9C00DCDF39 /* AppDelegate.h */ = {isa = PBXFileReference; fileEncoding = 4; lastKnownFileType = sourcecode.c.h; path = AppDelegate.h; sourceTree = "<group>"; };
		339C06A41E7F7F9C00DCDF39 /* AppDelegate.m */ = {isa = PBXFileReference; fileEncoding = 4; lastKnownFileType = sourcecode.c.objc; path = AppDelegate.m; sourceTree = "<group>"; };
		339C06A61E7F800000DCDF39 /* main.m */ = {isa = PBXFileReference; fileEncoding = 4; lastKnownFileType = sourcecode.c.objc; path = main.m; sourceTree = "<group>"; };
		33A587081E9CB7520003BE74 /* WBStatuse.h */ = {isa = PBXFileReference; fileEncoding = 4; lastKnownFileType = sourcecode.c.h; path = WBStatuse.h; sourceTree = "<group>"; };
		33A587091E9CB7520003BE74 /* WBStatuse.m */ = {isa = PBXFileReference; fileEncoding = 4; lastKnownFileType = sourcecode.c.objc; path = WBStatuse.m; sourceTree = "<group>"; };
		33B5A4731E8CAA9C00423EDE /* Foundation+Log.m */ = {isa = PBXFileReference; fileEncoding = 4; lastKnownFileType = sourcecode.c.objc; path = "Foundation+Log.m"; sourceTree = "<group>"; };
		33CF0A2A1E8126120047EF3A /* WBMainNavigationController.h */ = {isa = PBXFileReference; fileEncoding = 4; lastKnownFileType = sourcecode.c.h; path = WBMainNavigationController.h; sourceTree = "<group>"; };
		33CF0A2B1E8126120047EF3A /* WBMainNavigationController.m */ = {isa = PBXFileReference; fileEncoding = 4; lastKnownFileType = sourcecode.c.objc; path = WBMainNavigationController.m; sourceTree = "<group>"; };
		33CF0A2C1E8126120047EF3A /* WBMainTabBarController.h */ = {isa = PBXFileReference; fileEncoding = 4; lastKnownFileType = sourcecode.c.h; path = WBMainTabBarController.h; sourceTree = "<group>"; };
		33CF0A2D1E8126120047EF3A /* WBMainTabBarController.m */ = {isa = PBXFileReference; fileEncoding = 4; lastKnownFileType = sourcecode.c.objc; path = WBMainTabBarController.m; sourceTree = "<group>"; };
		33CF0A311E8126F30047EF3A /* WBTabBar.h */ = {isa = PBXFileReference; fileEncoding = 4; lastKnownFileType = sourcecode.c.h; path = WBTabBar.h; sourceTree = "<group>"; };
		33CF0A321E8126F30047EF3A /* WBTabBar.m */ = {isa = PBXFileReference; fileEncoding = 4; lastKnownFileType = sourcecode.c.objc; path = WBTabBar.m; sourceTree = "<group>"; };
		33CF0A351E8129240047EF3A /* UIView+UIView_Extent.h */ = {isa = PBXFileReference; fileEncoding = 4; lastKnownFileType = sourcecode.c.h; path = "UIView+UIView_Extent.h"; sourceTree = "<group>"; };
		33CF0A361E8129240047EF3A /* UIView+UIView_Extent.m */ = {isa = PBXFileReference; fileEncoding = 4; lastKnownFileType = sourcecode.c.objc; path = "UIView+UIView_Extent.m"; sourceTree = "<group>"; };
		33F555AF1E89F966009A4358 /* WBDropViewController.h */ = {isa = PBXFileReference; fileEncoding = 4; lastKnownFileType = sourcecode.c.h; path = WBDropViewController.h; sourceTree = "<group>"; };
		33F555B01E89F966009A4358 /* WBDropViewController.m */ = {isa = PBXFileReference; fileEncoding = 4; lastKnownFileType = sourcecode.c.objc; path = WBDropViewController.m; sourceTree = "<group>"; };
		33F555B21E89FBBC009A4358 /* WBDropView.h */ = {isa = PBXFileReference; fileEncoding = 4; lastKnownFileType = sourcecode.c.h; path = WBDropView.h; sourceTree = "<group>"; };
		33F555B31E89FBBC009A4358 /* WBDropView.m */ = {isa = PBXFileReference; fileEncoding = 4; lastKnownFileType = sourcecode.c.objc; path = WBDropView.m; sourceTree = "<group>"; };
/* End PBXFileReference section */

/* Begin PBXFrameworksBuildPhase section */
		339C06641E7F7D5900DCDF39 /* Frameworks */ = {
			isa = PBXFrameworksBuildPhase;
			buildActionMask = 2147483647;
			files = (
			);
			runOnlyForDeploymentPostprocessing = 0;
		};
		339C067D1E7F7D5A00DCDF39 /* Frameworks */ = {
			isa = PBXFrameworksBuildPhase;
			buildActionMask = 2147483647;
			files = (
			);
			runOnlyForDeploymentPostprocessing = 0;
		};
		339C06881E7F7D5A00DCDF39 /* Frameworks */ = {
			isa = PBXFrameworksBuildPhase;
			buildActionMask = 2147483647;
			files = (
			);
			runOnlyForDeploymentPostprocessing = 0;
		};
/* End PBXFrameworksBuildPhase section */

/* Begin PBXGroup section */
		331D7C251E8507D000F3BE1C /* Temp(临时界面) */ = {
			isa = PBXGroup;
			children = (
				331D7C261E85081F00F3BE1C /* WBAddViewController.h */,
				331D7C271E85081F00F3BE1C /* WBAddViewController.m */,
			);
			path = "Temp(临时界面)";
			sourceTree = "<group>";
		};
		331D7C291E850B5F00F3BE1C /* Discover(发现) */ = {
			isa = PBXGroup;
			children = (
				331D7C2A1E850B5F00F3BE1C /* Controller */,
				331D7C2B1E850B5F00F3BE1C /* Model */,
				331D7C2C1E850B5F00F3BE1C /* View */,
			);
			path = "Discover(发现)";
			sourceTree = "<group>";
		};
		331D7C2A1E850B5F00F3BE1C /* Controller */ = {
			isa = PBXGroup;
			children = (
				331D7C431E8511A100F3BE1C /* WBDiscoverTableViewController.h */,
				331D7C441E8511A100F3BE1C /* WBDiscoverTableViewController.m */,
			);
			path = Controller;
			sourceTree = "<group>";
		};
		331D7C2B1E850B5F00F3BE1C /* Model */ = {
			isa = PBXGroup;
			children = (
			);
			path = Model;
			sourceTree = "<group>";
		};
		331D7C2C1E850B5F00F3BE1C /* View */ = {
			isa = PBXGroup;
			children = (
			);
			path = View;
			sourceTree = "<group>";
		};
		331D7C2D1E850B6600F3BE1C /* Home(首页) */ = {
			isa = PBXGroup;
			children = (
				331D7C2E1E850B6600F3BE1C /* Controller */,
				331D7C311E850B6600F3BE1C /* Model */,
				331D7C321E850B6600F3BE1C /* View */,
			);
			path = "Home(首页)";
			sourceTree = "<group>";
		};
		331D7C2E1E850B6600F3BE1C /* Controller */ = {
			isa = PBXGroup;
			children = (
				331D7C3D1E850BC600F3BE1C /* WBHomeTableViewController.h */,
				331D7C3E1E850BC600F3BE1C /* WBHomeTableViewController.m */,
			);
			path = Controller;
			sourceTree = "<group>";
		};
		331D7C311E850B6600F3BE1C /* Model */ = {
			isa = PBXGroup;
			children = (
				331A40BD1E8CFF0C00E5009E /* WBUser.h */,
				331A40BE1E8CFF0C00E5009E /* WBUser.m */,
				33A587081E9CB7520003BE74 /* WBStatuse.h */,
				33A587091E9CB7520003BE74 /* WBStatuse.m */,
			);
			path = Model;
			sourceTree = "<group>";
		};
		331D7C321E850B6600F3BE1C /* View */ = {
			isa = PBXGroup;
			children = (
				331D7C4C1E85219600F3BE1C /* WBButton.h */,
				331D7C4D1E85219600F3BE1C /* WBButton.m */,
				33F555AF1E89F966009A4358 /* WBDropViewController.h */,
				33F555B01E89F966009A4358 /* WBDropViewController.m */,
				33F555B21E89FBBC009A4358 /* WBDropView.h */,
				33F555B31E89FBBC009A4358 /* WBDropView.m */,
			);
			path = View;
			sourceTree = "<group>";
		};
		331D7C341E850B6D00F3BE1C /* Message(消息) */ = {
			isa = PBXGroup;
			children = (
				331D7C351E850B6D00F3BE1C /* Controller */,
				331D7C361E850B6D00F3BE1C /* Model */,
				331D7C371E850B6D00F3BE1C /* View */,
			);
			path = "Message(消息)";
			sourceTree = "<group>";
		};
		331D7C351E850B6D00F3BE1C /* Controller */ = {
			isa = PBXGroup;
			children = (
				331D7C401E850FCA00F3BE1C /* WBMessageTableViewController.h */,
				331D7C411E850FCA00F3BE1C /* WBMessageTableViewController.m */,
			);
			path = Controller;
			sourceTree = "<group>";
		};
		331D7C361E850B6D00F3BE1C /* Model */ = {
			isa = PBXGroup;
			children = (
			);
			path = Model;
			sourceTree = "<group>";
		};
		331D7C371E850B6D00F3BE1C /* View */ = {
			isa = PBXGroup;
			children = (
			);
			path = View;
			sourceTree = "<group>";
		};
		331D7C381E850B7400F3BE1C /* Mine(我) */ = {
			isa = PBXGroup;
			children = (
				331D7C391E850B7400F3BE1C /* Controller */,
				331D7C3A1E850B7400F3BE1C /* Model */,
				331D7C3B1E850B7400F3BE1C /* View */,
			);
			path = "Mine(我)";
			sourceTree = "<group>";
		};
		331D7C391E850B7400F3BE1C /* Controller */ = {
			isa = PBXGroup;
			children = (
				331D7C461E85126100F3BE1C /* WBMineTableViewController.h */,
				331D7C471E85126100F3BE1C /* WBMineTableViewController.m */,
			);
			path = Controller;
			sourceTree = "<group>";
		};
		331D7C3A1E850B7400F3BE1C /* Model */ = {
			isa = PBXGroup;
			children = (
			);
			path = Model;
			sourceTree = "<group>";
		};
		331D7C3B1E850B7400F3BE1C /* View */ = {
			isa = PBXGroup;
			children = (
			);
			path = View;
			sourceTree = "<group>";
		};
		331D7C3C1E850B8500F3BE1C /* Lib */ = {
			isa = PBXGroup;
			children = (
				3397741A1E8A4BEF00581D45 /* MBProgressHUD */,
				339774061E8A4BE000581D45 /* AFNetworking */,
			);
			path = Lib;
			sourceTree = "<group>";
		};
		339773FF1E8A3B5800581D45 /* OAuth(授权) */ = {
			isa = PBXGroup;
			children = (
				339AAEBC1E8B632F003FE6DD /* Model */,
				339774001E8A3B5800581D45 /* Controller */,
				339774011E8A3B5800581D45 /* Tool */,
				339774021E8A3B5800581D45 /* View */,
			);
			path = "OAuth(授权)";
			sourceTree = "<group>";
		};
		339774001E8A3B5800581D45 /* Controller */ = {
			isa = PBXGroup;
			children = (
				339774031E8A3B8F00581D45 /* WBOAuthViewController.h */,
				339774041E8A3B8F00581D45 /* WBOAuthViewController.m */,
			);
			path = Controller;
			sourceTree = "<group>";
		};
		339774011E8A3B5800581D45 /* Tool */ = {
			isa = PBXGroup;
			children = (
				339AAEB91E8B6316003FE6DD /* WBAccountTool.h */,
				339AAEBA1E8B6316003FE6DD /* WBAccountTool.m */,
			);
			path = Tool;
			sourceTree = "<group>";
		};
		339774021E8A3B5800581D45 /* View */ = {
			isa = PBXGroup;
			children = (
			);
			path = View;
			sourceTree = "<group>";
		};
		339774061E8A4BE000581D45 /* AFNetworking */ = {
			isa = PBXGroup;
			children = (
				339774071E8A4BE000581D45 /* AFHTTPSessionManager.h */,
				339774081E8A4BE000581D45 /* AFHTTPSessionManager.m */,
				339774091E8A4BE000581D45 /* AFNetworking.h */,
				3397740A1E8A4BE000581D45 /* AFNetworkReachabilityManager.h */,
				3397740B1E8A4BE000581D45 /* AFNetworkReachabilityManager.m */,
				3397740C1E8A4BE000581D45 /* AFSecurityPolicy.h */,
				3397740D1E8A4BE000581D45 /* AFSecurityPolicy.m */,
				3397740E1E8A4BE000581D45 /* AFURLRequestSerialization.h */,
				3397740F1E8A4BE000581D45 /* AFURLRequestSerialization.m */,
				339774101E8A4BE000581D45 /* AFURLResponseSerialization.h */,
				339774111E8A4BE000581D45 /* AFURLResponseSerialization.m */,
				339774121E8A4BE000581D45 /* AFURLSessionManager.h */,
				339774131E8A4BE000581D45 /* AFURLSessionManager.m */,
			);
			path = AFNetworking;
			sourceTree = "<group>";
		};
		3397741A1E8A4BEF00581D45 /* MBProgressHUD */ = {
			isa = PBXGroup;
			children = (
				3397741B1E8A4BEF00581D45 /* MBProgressHUD+MJ.h */,
				3397741C1E8A4BEF00581D45 /* MBProgressHUD+MJ.m */,
				3397741D1E8A4BEF00581D45 /* MBProgressHUD.bundle */,
				3397741E1E8A4BF000581D45 /* MBProgressHUD.h */,
				3397741F1E8A4BF000581D45 /* MBProgressHUD.m */,
			);
			path = MBProgressHUD;
			sourceTree = "<group>";
		};
		339774261E8A596200581D45 /* newFeature(新特性) */ = {
			isa = PBXGroup;
			children = (
				339774271E8A596200581D45 /* Controller */,
			);
			path = "newFeature(新特性)";
			sourceTree = "<group>";
		};
		339774271E8A596200581D45 /* Controller */ = {
			isa = PBXGroup;
			children = (
				339774281E8A599F00581D45 /* WBNewFeatureController.h */,
				339774291E8A599F00581D45 /* WBNewFeatureController.m */,
			);
			path = Controller;
			sourceTree = "<group>";
		};
		339AAEBC1E8B632F003FE6DD /* Model */ = {
			isa = PBXGroup;
			children = (
				339AAEBD1E8B6373003FE6DD /* WBAccount.h */,
				339AAEBE1E8B6373003FE6DD /* WBAccount.m */,
			);
			path = Model;
			sourceTree = "<group>";
		};
		339C065E1E7F7D5900DCDF39 = {
			isa = PBXGroup;
			children = (
				339C06691E7F7D5A00DCDF39 /* 小蔡微博 */,
				339C06831E7F7D5A00DCDF39 /* 小蔡微博Tests */,
				339C068E1E7F7D5A00DCDF39 /* 小蔡微博UITests */,
				339C06681E7F7D5A00DCDF39 /* Products */,
			);
			sourceTree = "<group>";
		};
		339C06681E7F7D5A00DCDF39 /* Products */ = {
			isa = PBXGroup;
			children = (
				339C06671E7F7D5A00DCDF39 /* 小蔡微博.app */,
				339C06801E7F7D5A00DCDF39 /* 小蔡微博Tests.xctest */,
				339C068B1E7F7D5A00DCDF39 /* 小蔡微博UITests.xctest */,
			);
			name = Products;
			sourceTree = "<group>";
		};
		339C06691E7F7D5A00DCDF39 /* 小蔡微博 */ = {
			isa = PBXGroup;
			children = (
				339C06A21E7F7F9C00DCDF39 /* Other */,
				339C069D1E7F7F7100DCDF39 /* Class */,
				339C066A1E7F7D5A00DCDF39 /* Supporting Files */,
			);
			path = "小蔡微博";
			sourceTree = "<group>";
		};
		339C066A1E7F7D5A00DCDF39 /* Supporting Files */ = {
			isa = PBXGroup;
			children = (
				339C06761E7F7D5A00DCDF39 /* Assets.xcassets */,
				339C06781E7F7D5A00DCDF39 /* LaunchScreen.storyboard */,
				339C067B1E7F7D5A00DCDF39 /* Info.plist */,
			);
			name = "Supporting Files";
			sourceTree = "<group>";
		};
		339C06831E7F7D5A00DCDF39 /* 小蔡微博Tests */ = {
			isa = PBXGroup;
			children = (
				339C06841E7F7D5A00DCDF39 /* ____Tests.m */,
				339C06861E7F7D5A00DCDF39 /* Info.plist */,
			);
			path = "小蔡微博Tests";
			sourceTree = "<group>";
		};
		339C068E1E7F7D5A00DCDF39 /* 小蔡微博UITests */ = {
			isa = PBXGroup;
			children = (
				339C068F1E7F7D5A00DCDF39 /* ____UITests.m */,
				339C06911E7F7D5A00DCDF39 /* Info.plist */,
			);
			path = "小蔡微博UITests";
			sourceTree = "<group>";
		};
		339C069D1E7F7F7100DCDF39 /* Class */ = {
			isa = PBXGroup;
			children = (
				339774261E8A596200581D45 /* newFeature(新特性) */,
				339773FF1E8A3B5800581D45 /* OAuth(授权) */,
				331D7C381E850B7400F3BE1C /* Mine(我) */,
				331D7C341E850B6D00F3BE1C /* Message(消息) */,
				331D7C2D1E850B6600F3BE1C /* Home(首页) */,
				331D7C291E850B5F00F3BE1C /* Discover(发现) */,
				331D7C251E8507D000F3BE1C /* Temp(临时界面) */,
				33CF0A1C1E8107930047EF3A /* MainController(通用) */,
			);
			path = Class;
			sourceTree = "<group>";
		};
		339C06A21E7F7F9C00DCDF39 /* Other */ = {
			isa = PBXGroup;
			children = (
				331D7C3C1E850B8500F3BE1C /* Lib */,
				33CF0A341E8128E50047EF3A /* Category */,
				339C06A31E7F7F9C00DCDF39 /* AppDelegate.h */,
				339C06A41E7F7F9C00DCDF39 /* AppDelegate.m */,
				339C06A61E7F800000DCDF39 /* main.m */,
			);
			path = Other;
			sourceTree = "<group>";
		};
		33CF0A1C1E8107930047EF3A /* MainController(通用) */ = {
			isa = PBXGroup;
			children = (
				33CF0A291E8126120047EF3A /* Controller */,
				33CF0A2E1E8126120047EF3A /* View */,
			);
			path = "MainController(通用)";
			sourceTree = "<group>";
		};
		33CF0A291E8126120047EF3A /* Controller */ = {
			isa = PBXGroup;
			children = (
				33CF0A2A1E8126120047EF3A /* WBMainNavigationController.h */,
				33CF0A2B1E8126120047EF3A /* WBMainNavigationController.m */,
				33CF0A2C1E8126120047EF3A /* WBMainTabBarController.h */,
				33CF0A2D1E8126120047EF3A /* WBMainTabBarController.m */,
			);
			path = Controller;
			sourceTree = "<group>";
		};
		33CF0A2E1E8126120047EF3A /* View */ = {
			isa = PBXGroup;
			children = (
				33CF0A311E8126F30047EF3A /* WBTabBar.h */,
				33CF0A321E8126F30047EF3A /* WBTabBar.m */,
			);
			path = View;
			sourceTree = "<group>";
		};
		33CF0A341E8128E50047EF3A /* Category */ = {
			isa = PBXGroup;
			children = (
				33B5A4731E8CAA9C00423EDE /* Foundation+Log.m */,
				33CF0A351E8129240047EF3A /* UIView+UIView_Extent.h */,
				33CF0A361E8129240047EF3A /* UIView+UIView_Extent.m */,
				331D7C491E8515D100F3BE1C /* UIBarButtonItem+Extent.h */,
				331D7C4A1E8515D100F3BE1C /* UIBarButtonItem+Extent.m */,
				339774231E8A50AB00581D45 /* UIWindow+extent.h */,
				339774241E8A50AB00581D45 /* UIWindow+extent.m */,
			);
			path = Category;
			sourceTree = "<group>";
		};
/* End PBXGroup section */

/* Begin PBXNativeTarget section */
		339C06661E7F7D5900DCDF39 /* 小蔡微博 */ = {
			isa = PBXNativeTarget;
			buildConfigurationList = 339C06941E7F7D5A00DCDF39 /* Build configuration list for PBXNativeTarget "小蔡微博" */;
			buildPhases = (
				339C06631E7F7D5900DCDF39 /* Sources */,
				339C06641E7F7D5900DCDF39 /* Frameworks */,
				339C06651E7F7D5900DCDF39 /* Resources */,
			);
			buildRules = (
			);
			dependencies = (
			);
			name = "小蔡微博";
			productName = "小蔡微博";
			productReference = 339C06671E7F7D5A00DCDF39 /* 小蔡微博.app */;
			productType = "com.apple.product-type.application";
		};
		339C067F1E7F7D5A00DCDF39 /* 小蔡微博Tests */ = {
			isa = PBXNativeTarget;
			buildConfigurationList = 339C06971E7F7D5A00DCDF39 /* Build configuration list for PBXNativeTarget "小蔡微博Tests" */;
			buildPhases = (
				339C067C1E7F7D5A00DCDF39 /* Sources */,
				339C067D1E7F7D5A00DCDF39 /* Frameworks */,
				339C067E1E7F7D5A00DCDF39 /* Resources */,
			);
			buildRules = (
			);
			dependencies = (
				339C06821E7F7D5A00DCDF39 /* PBXTargetDependency */,
			);
			name = "小蔡微博Tests";
			productName = "小蔡微博Tests";
			productReference = 339C06801E7F7D5A00DCDF39 /* 小蔡微博Tests.xctest */;
			productType = "com.apple.product-type.bundle.unit-test";
		};
		339C068A1E7F7D5A00DCDF39 /* 小蔡微博UITests */ = {
			isa = PBXNativeTarget;
			buildConfigurationList = 339C069A1E7F7D5A00DCDF39 /* Build configuration list for PBXNativeTarget "小蔡微博UITests" */;
			buildPhases = (
				339C06871E7F7D5A00DCDF39 /* Sources */,
				339C06881E7F7D5A00DCDF39 /* Frameworks */,
				339C06891E7F7D5A00DCDF39 /* Resources */,
			);
			buildRules = (
			);
			dependencies = (
				339C068D1E7F7D5A00DCDF39 /* PBXTargetDependency */,
			);
			name = "小蔡微博UITests";
			productName = "小蔡微博UITests";
			productReference = 339C068B1E7F7D5A00DCDF39 /* 小蔡微博UITests.xctest */;
			productType = "com.apple.product-type.bundle.ui-testing";
		};
/* End PBXNativeTarget section */

/* Begin PBXProject section */
		339C065F1E7F7D5900DCDF39 /* Project object */ = {
			isa = PBXProject;
			attributes = {
				LastUpgradeCheck = 0810;
				ORGANIZATIONNAME = xiaocai;
				TargetAttributes = {
					339C06661E7F7D5900DCDF39 = {
						CreatedOnToolsVersion = 8.1;
						DevelopmentTeam = BZ452723K9;
						ProvisioningStyle = Automatic;
					};
					339C067F1E7F7D5A00DCDF39 = {
						CreatedOnToolsVersion = 8.1;
						DevelopmentTeam = BZ452723K9;
						ProvisioningStyle = Automatic;
						TestTargetID = 339C06661E7F7D5900DCDF39;
					};
					339C068A1E7F7D5A00DCDF39 = {
						CreatedOnToolsVersion = 8.1;
						DevelopmentTeam = BZ452723K9;
						ProvisioningStyle = Automatic;
						TestTargetID = 339C06661E7F7D5900DCDF39;
					};
				};
			};
			buildConfigurationList = 339C06621E7F7D5900DCDF39 /* Build configuration list for PBXProject "小蔡微博" */;
			compatibilityVersion = "Xcode 3.2";
			developmentRegion = English;
			hasScannedForEncodings = 0;
			knownRegions = (
				en,
				Base,
			);
			mainGroup = 339C065E1E7F7D5900DCDF39;
			productRefGroup = 339C06681E7F7D5A00DCDF39 /* Products */;
			projectDirPath = "";
			projectRoot = "";
			targets = (
				339C06661E7F7D5900DCDF39 /* 小蔡微博 */,
				339C067F1E7F7D5A00DCDF39 /* 小蔡微博Tests */,
				339C068A1E7F7D5A00DCDF39 /* 小蔡微博UITests */,
			);
		};
/* End PBXProject section */

/* Begin PBXResourcesBuildPhase section */
		339C06651E7F7D5900DCDF39 /* Resources */ = {
			isa = PBXResourcesBuildPhase;
			buildActionMask = 2147483647;
			files = (
				339C067A1E7F7D5A00DCDF39 /* LaunchScreen.storyboard in Resources */,
				339C06771E7F7D5A00DCDF39 /* Assets.xcassets in Resources */,
				339774211E8A4BF000581D45 /* MBProgressHUD.bundle in Resources */,
			);
			runOnlyForDeploymentPostprocessing = 0;
		};
		339C067E1E7F7D5A00DCDF39 /* Resources */ = {
			isa = PBXResourcesBuildPhase;
			buildActionMask = 2147483647;
			files = (
			);
			runOnlyForDeploymentPostprocessing = 0;
		};
		339C06891E7F7D5A00DCDF39 /* Resources */ = {
			isa = PBXResourcesBuildPhase;
			buildActionMask = 2147483647;
			files = (
			);
			runOnlyForDeploymentPostprocessing = 0;
		};
/* End PBXResourcesBuildPhase section */

/* Begin PBXSourcesBuildPhase section */
		339C06631E7F7D5900DCDF39 /* Sources */ = {
			isa = PBXSourcesBuildPhase;
			buildActionMask = 2147483647;
			files = (
				33F555B11E89F966009A4358 /* WBDropViewController.m in Sources */,
				33CF0A371E8129240047EF3A /* UIView+UIView_Extent.m in Sources */,
				3397742A1E8A599F00581D45 /* WBNewFeatureController.m in Sources */,
				331D7C451E8511A100F3BE1C /* WBDiscoverTableViewController.m in Sources */,
				33A5870A1E9CB7520003BE74 /* WBStatuse.m in Sources */,
				331D7C281E85081F00F3BE1C /* WBAddViewController.m in Sources */,
				331D7C4E1E85219600F3BE1C /* WBButton.m in Sources */,
				33CF0A331E8126F30047EF3A /* WBTabBar.m in Sources */,
				33CF0A2F1E8126120047EF3A /* WBMainNavigationController.m in Sources */,
				339774221E8A4BF000581D45 /* MBProgressHUD.m in Sources */,
				339774171E8A4BE000581D45 /* AFURLRequestSerialization.m in Sources */,
				339C06A71E7F800000DCDF39 /* main.m in Sources */,
				339774161E8A4BE000581D45 /* AFSecurityPolicy.m in Sources */,
				33CF0A301E8126120047EF3A /* WBMainTabBarController.m in Sources */,
				339C06A51E7F7F9C00DCDF39 /* AppDelegate.m in Sources */,
				339774151E8A4BE000581D45 /* AFNetworkReachabilityManager.m in Sources */,
				331D7C4B1E8515D100F3BE1C /* UIBarButtonItem+Extent.m in Sources */,
				339774051E8A3B8F00581D45 /* WBOAuthViewController.m in Sources */,
				339774191E8A4BE000581D45 /* AFURLSessionManager.m in Sources */,
				33B5A4741E8CAA9C00423EDE /* Foundation+Log.m in Sources */,
				331A40BF1E8CFF0C00E5009E /* WBUser.m in Sources */,
				331D7C481E85126100F3BE1C /* WBMineTableViewController.m in Sources */,
				331D7C421E850FCA00F3BE1C /* WBMessageTableViewController.m in Sources */,
				339AAEBF1E8B6373003FE6DD /* WBAccount.m in Sources */,
				339774201E8A4BF000581D45 /* MBProgressHUD+MJ.m in Sources */,
				33F555B41E89FBBC009A4358 /* WBDropView.m in Sources */,
				339774141E8A4BE000581D45 /* AFHTTPSessionManager.m in Sources */,
				339774181E8A4BE000581D45 /* AFURLResponseSerialization.m in Sources */,
				339AAEBB1E8B6316003FE6DD /* WBAccountTool.m in Sources */,
				339774251E8A50AB00581D45 /* UIWindow+extent.m in Sources */,
				331D7C3F1E850BC600F3BE1C /* WBHomeTableViewController.m in Sources */,
			);
			runOnlyForDeploymentPostprocessing = 0;
		};
		339C067C1E7F7D5A00DCDF39 /* Sources */ = {
			isa = PBXSourcesBuildPhase;
			buildActionMask = 2147483647;
			files = (
				339C06851E7F7D5A00DCDF39 /* ____Tests.m in Sources */,
			);
			runOnlyForDeploymentPostprocessing = 0;
		};
		339C06871E7F7D5A00DCDF39 /* Sources */ = {
			isa = PBXSourcesBuildPhase;
			buildActionMask = 2147483647;
			files = (
				339C06901E7F7D5A00DCDF39 /* ____UITests.m in Sources */,
			);
			runOnlyForDeploymentPostprocessing = 0;
		};
/* End PBXSourcesBuildPhase section */

/* Begin PBXTargetDependency section */
		339C06821E7F7D5A00DCDF39 /* PBXTargetDependency */ = {
			isa = PBXTargetDependency;
			target = 339C06661E7F7D5900DCDF39 /* 小蔡微博 */;
			targetProxy = 339C06811E7F7D5A00DCDF39 /* PBXContainerItemProxy */;
		};
		339C068D1E7F7D5A00DCDF39 /* PBXTargetDependency */ = {
			isa = PBXTargetDependency;
			target = 339C06661E7F7D5900DCDF39 /* 小蔡微博 */;
			targetProxy = 339C068C1E7F7D5A00DCDF39 /* PBXContainerItemProxy */;
		};
/* End PBXTargetDependency section */

/* Begin PBXVariantGroup section */
		339C06781E7F7D5A00DCDF39 /* LaunchScreen.storyboard */ = {
			isa = PBXVariantGroup;
			children = (
				339C06791E7F7D5A00DCDF39 /* Base */,
			);
			name = LaunchScreen.storyboard;
			sourceTree = "<group>";
		};
/* End PBXVariantGroup section */

/* Begin XCBuildConfiguration section */
		339C06921E7F7D5A00DCDF39 /* Debug */ = {
			isa = XCBuildConfiguration;
			buildSettings = {
				ALWAYS_SEARCH_USER_PATHS = NO;
				CLANG_ANALYZER_NONNULL = YES;
				CLANG_CXX_LANGUAGE_STANDARD = "gnu++0x";
				CLANG_CXX_LIBRARY = "libc++";
				CLANG_ENABLE_MODULES = YES;
				CLANG_ENABLE_OBJC_ARC = YES;
				CLANG_WARN_BOOL_CONVERSION = YES;
				CLANG_WARN_CONSTANT_CONVERSION = YES;
				CLANG_WARN_DIRECT_OBJC_ISA_USAGE = YES_ERROR;
				CLANG_WARN_DOCUMENTATION_COMMENTS = YES;
				CLANG_WARN_EMPTY_BODY = YES;
				CLANG_WARN_ENUM_CONVERSION = YES;
				CLANG_WARN_INFINITE_RECURSION = YES;
				CLANG_WARN_INT_CONVERSION = YES;
				CLANG_WARN_OBJC_ROOT_CLASS = YES_ERROR;
				CLANG_WARN_SUSPICIOUS_MOVES = YES;
				CLANG_WARN_UNREACHABLE_CODE = YES;
				CLANG_WARN__DUPLICATE_METHOD_MATCH = YES;
				"CODE_SIGN_IDENTITY[sdk=iphoneos*]" = "iPhone Developer";
				COPY_PHASE_STRIP = NO;
				DEBUG_INFORMATION_FORMAT = dwarf;
				ENABLE_STRICT_OBJC_MSGSEND = YES;
				ENABLE_TESTABILITY = YES;
				GCC_C_LANGUAGE_STANDARD = gnu99;
				GCC_DYNAMIC_NO_PIC = NO;
				GCC_NO_COMMON_BLOCKS = YES;
				GCC_OPTIMIZATION_LEVEL = 0;
				GCC_PREPROCESSOR_DEFINITIONS = (
					"DEBUG=1",
					"$(inherited)",
				);
				GCC_WARN_64_TO_32_BIT_CONVERSION = YES;
				GCC_WARN_ABOUT_RETURN_TYPE = YES_ERROR;
				GCC_WARN_UNDECLARED_SELECTOR = YES;
				GCC_WARN_UNINITIALIZED_AUTOS = YES_AGGRESSIVE;
				GCC_WARN_UNUSED_FUNCTION = YES;
				GCC_WARN_UNUSED_VARIABLE = YES;
				IPHONEOS_DEPLOYMENT_TARGET = 10.1;
				MTL_ENABLE_DEBUG_INFO = YES;
				ONLY_ACTIVE_ARCH = YES;
				SDKROOT = iphoneos;
				TARGETED_DEVICE_FAMILY = "1,2";
			};
			name = Debug;
		};
		339C06931E7F7D5A00DCDF39 /* Release */ = {
			isa = XCBuildConfiguration;
			buildSettings = {
				ALWAYS_SEARCH_USER_PATHS = NO;
				CLANG_ANALYZER_NONNULL = YES;
				CLANG_CXX_LANGUAGE_STANDARD = "gnu++0x";
				CLANG_CXX_LIBRARY = "libc++";
				CLANG_ENABLE_MODULES = YES;
				CLANG_ENABLE_OBJC_ARC = YES;
				CLANG_WARN_BOOL_CONVERSION = YES;
				CLANG_WARN_CONSTANT_CONVERSION = YES;
				CLANG_WARN_DIRECT_OBJC_ISA_USAGE = YES_ERROR;
				CLANG_WARN_DOCUMENTATION_COMMENTS = YES;
				CLANG_WARN_EMPTY_BODY = YES;
				CLANG_WARN_ENUM_CONVERSION = YES;
				CLANG_WARN_INFINITE_RECURSION = YES;
				CLANG_WARN_INT_CONVERSION = YES;
				CLANG_WARN_OBJC_ROOT_CLASS = YES_ERROR;
				CLANG_WARN_SUSPICIOUS_MOVES = YES;
				CLANG_WARN_UNREACHABLE_CODE = YES;
				CLANG_WARN__DUPLICATE_METHOD_MATCH = YES;
				"CODE_SIGN_IDENTITY[sdk=iphoneos*]" = "iPhone Developer";
				COPY_PHASE_STRIP = NO;
				DEBUG_INFORMATION_FORMAT = "dwarf-with-dsym";
				ENABLE_NS_ASSERTIONS = NO;
				ENABLE_STRICT_OBJC_MSGSEND = YES;
				GCC_C_LANGUAGE_STANDARD = gnu99;
				GCC_NO_COMMON_BLOCKS = YES;
				GCC_WARN_64_TO_32_BIT_CONVERSION = YES;
				GCC_WARN_ABOUT_RETURN_TYPE = YES_ERROR;
				GCC_WARN_UNDECLARED_SELECTOR = YES;
				GCC_WARN_UNINITIALIZED_AUTOS = YES_AGGRESSIVE;
				GCC_WARN_UNUSED_FUNCTION = YES;
				GCC_WARN_UNUSED_VARIABLE = YES;
				IPHONEOS_DEPLOYMENT_TARGET = 10.1;
				MTL_ENABLE_DEBUG_INFO = NO;
				SDKROOT = iphoneos;
				TARGETED_DEVICE_FAMILY = "1,2";
				VALIDATE_PRODUCT = YES;
			};
			name = Release;
		};
		339C06951E7F7D5A00DCDF39 /* Debug */ = {
			isa = XCBuildConfiguration;
			buildSettings = {
				ASSETCATALOG_COMPILER_APPICON_NAME = AppIcon;
				DEVELOPMENT_TEAM = BZ452723K9;
				INFOPLIST_FILE = "小蔡微博/Info.plist";
				LD_RUNPATH_SEARCH_PATHS = "$(inherited) @executable_path/Frameworks";
				PRODUCT_BUNDLE_IDENTIFIER = "uestc.----";
				PRODUCT_NAME = "$(TARGET_NAME)";
			};
			name = Debug;
		};
		339C06961E7F7D5A00DCDF39 /* Release */ = {
			isa = XCBuildConfiguration;
			buildSettings = {
				ASSETCATALOG_COMPILER_APPICON_NAME = AppIcon;
				DEVELOPMENT_TEAM = BZ452723K9;
				INFOPLIST_FILE = "小蔡微博/Info.plist";
				LD_RUNPATH_SEARCH_PATHS = "$(inherited) @executable_path/Frameworks";
				PRODUCT_BUNDLE_IDENTIFIER = "uestc.----";
				PRODUCT_NAME = "$(TARGET_NAME)";
			};
			name = Release;
		};
		339C06981E7F7D5A00DCDF39 /* Debug */ = {
			isa = XCBuildConfiguration;
			buildSettings = {
				BUNDLE_LOADER = "$(TEST_HOST)";
				DEVELOPMENT_TEAM = BZ452723K9;
				INFOPLIST_FILE = "小蔡微博Tests/Info.plist";
				LD_RUNPATH_SEARCH_PATHS = "$(inherited) @executable_path/Frameworks @loader_path/Frameworks";
				PRODUCT_BUNDLE_IDENTIFIER = "uestc.----Tests";
				PRODUCT_NAME = "$(TARGET_NAME)";
				TEST_HOST = "$(BUILT_PRODUCTS_DIR)/小蔡微博.app/小蔡微博";
			};
			name = Debug;
		};
		339C06991E7F7D5A00DCDF39 /* Release */ = {
			isa = XCBuildConfiguration;
			buildSettings = {
				BUNDLE_LOADER = "$(TEST_HOST)";
				DEVELOPMENT_TEAM = BZ452723K9;
				INFOPLIST_FILE = "小蔡微博Tests/Info.plist";
				LD_RUNPATH_SEARCH_PATHS = "$(inherited) @executable_path/Frameworks @loader_path/Frameworks";
				PRODUCT_BUNDLE_IDENTIFIER = "uestc.----Tests";
				PRODUCT_NAME = "$(TARGET_NAME)";
				TEST_HOST = "$(BUILT_PRODUCTS_DIR)/小蔡微博.app/小蔡微博";
			};
			name = Release;
		};
		339C069B1E7F7D5A00DCDF39 /* Debug */ = {
			isa = XCBuildConfiguration;
			buildSettings = {
				DEVELOPMENT_TEAM = BZ452723K9;
				INFOPLIST_FILE = "小蔡微博UITests/Info.plist";
				LD_RUNPATH_SEARCH_PATHS = "$(inherited) @executable_path/Frameworks @loader_path/Frameworks";
				PRODUCT_BUNDLE_IDENTIFIER = "uestc.----UITests";
				PRODUCT_NAME = "$(TARGET_NAME)";
				TEST_TARGET_NAME = "小蔡微博";
			};
			name = Debug;
		};
		339C069C1E7F7D5A00DCDF39 /* Release */ = {
			isa = XCBuildConfiguration;
			buildSettings = {
				DEVELOPMENT_TEAM = BZ452723K9;
				INFOPLIST_FILE = "小蔡微博UITests/Info.plist";
				LD_RUNPATH_SEARCH_PATHS = "$(inherited) @executable_path/Frameworks @loader_path/Frameworks";
				PRODUCT_BUNDLE_IDENTIFIER = "uestc.----UITests";
				PRODUCT_NAME = "$(TARGET_NAME)";
				TEST_TARGET_NAME = "小蔡微博";
			};
			name = Release;
		};
/* End XCBuildConfiguration section */

/* Begin XCConfigurationList section */
		339C06621E7F7D5900DCDF39 /* Build configuration list for PBXProject "小蔡微博" */ = {
			isa = XCConfigurationList;
			buildConfigurations = (
				339C06921E7F7D5A00DCDF39 /* Debug */,
				339C06931E7F7D5A00DCDF39 /* Release */,
			);
			defaultConfigurationIsVisible = 0;
			defaultConfigurationName = Release;
		};
		339C06941E7F7D5A00DCDF39 /* Build configuration list for PBXNativeTarget "小蔡微博" */ = {
			isa = XCConfigurationList;
			buildConfigurations = (
				339C06951E7F7D5A00DCDF39 /* Debug */,
				339C06961E7F7D5A00DCDF39 /* Release */,
			);
			defaultConfigurationIsVisible = 0;
			defaultConfigurationName = Release;
		};
		339C06971E7F7D5A00DCDF39 /* Build configuration list for PBXNativeTarget "小蔡微博Tests" */ = {
			isa = XCConfigurationList;
			buildConfigurations = (
				339C06981E7F7D5A00DCDF39 /* Debug */,
				339C06991E7F7D5A00DCDF39 /* Release */,
			);
			defaultConfigurationIsVisible = 0;
			defaultConfigurationName = Release;
		};
		339C069A1E7F7D5A00DCDF39 /* Build configuration list for PBXNativeTarget "小蔡微博UITests" */ = {
			isa = XCConfigurationList;
			buildConfigurations = (
				339C069B1E7F7D5A00DCDF39 /* Debug */,
				339C069C1E7F7D5A00DCDF39 /* Release */,
			);
			defaultConfigurationIsVisible = 0;
			defaultConfigurationName = Release;
		};
/* End XCConfigurationList section */
	};
	rootObject = 339C065F1E7F7D5900DCDF39 /* Project object */;
}
